// !$*UTF8*$!
{
	archiveVersion = 1;
	classes = {
	};
	objectVersion = 55;
	objects = {

/* Begin PBXBuildFile section */
		73C415A928C777A700AFADFF /* HomeView.swift in Sources */ = {isa = PBXBuildFile; fileRef = 73C415A828C777A700AFADFF /* HomeView.swift */; };
		73C415AB28C777BD00AFADFF /* CategoriesView.swift in Sources */ = {isa = PBXBuildFile; fileRef = 73C415AA28C777BD00AFADFF /* CategoriesView.swift */; };
		73C415AF28C7781400AFADFF /* NewRecipeView.swift in Sources */ = {isa = PBXBuildFile; fileRef = 73C415AE28C7781400AFADFF /* NewRecipeView.swift */; };
		73C415B128C7782200AFADFF /* FavoritesView.swift in Sources */ = {isa = PBXBuildFile; fileRef = 73C415B028C7782200AFADFF /* FavoritesView.swift */; };
		73C415B328C7783800AFADFF /* SettingsView.swift in Sources */ = {isa = PBXBuildFile; fileRef = 73C415B228C7783800AFADFF /* SettingsView.swift */; };
		73C415B528C77A3000AFADFF /* TabBar.swift in Sources */ = {isa = PBXBuildFile; fileRef = 73C415B428C77A3000AFADFF /* TabBar.swift */; };
		73C415B728C77D6A00AFADFF /* RecipeModel.swift in Sources */ = {isa = PBXBuildFile; fileRef = 73C415B628C77D6A00AFADFF /* RecipeModel.swift */; };
		73C415B928C8BC8A00AFADFF /* RecipeCard.swift in Sources */ = {isa = PBXBuildFile; fileRef = 73C415B828C8BC8A00AFADFF /* RecipeCard.swift */; };
		73C415BB28C8F48A00AFADFF /* RecipeList.swift in Sources */ = {isa = PBXBuildFile; fileRef = 73C415BA28C8F48A00AFADFF /* RecipeList.swift */; };
		73C415BD28CA30F700AFADFF /* RecipeView.swift in Sources */ = {isa = PBXBuildFile; fileRef = 73C415BC28CA30F700AFADFF /* RecipeView.swift */; };
		73F8D8E728C62FEB00882DE1 /* RecipeSaverApp.swift in Sources */ = {isa = PBXBuildFile; fileRef = 73F8D8E628C62FEB00882DE1 /* RecipeSaverApp.swift */; };
		73F8D8E928C62FEB00882DE1 /* ContentView.swift in Sources */ = {isa = PBXBuildFile; fileRef = 73F8D8E828C62FEB00882DE1 /* ContentView.swift */; };
		73F8D8EB28C62FEF00882DE1 /* Assets.xcassets in Resources */ = {isa = PBXBuildFile; fileRef = 73F8D8EA28C62FEF00882DE1 /* Assets.xcassets */; };
		73F8D8EE28C62FEF00882DE1 /* Preview Assets.xcassets in Resources */ = {isa = PBXBuildFile; fileRef = 73F8D8ED28C62FEF00882DE1 /* Preview Assets.xcassets */; };
/* End PBXBuildFile section */

/* Begin PBXFileReference section */
		73C415A828C777A700AFADFF /* HomeView.swift */ = {isa = PBXFileReference; lastKnownFileType = sourcecode.swift; path = HomeView.swift; sourceTree = "<group>"; };
		73C415AA28C777BD00AFADFF /* CategoriesView.swift */ = {isa = PBXFileReference; lastKnownFileType = sourcecode.swift; path = CategoriesView.swift; sourceTree = "<group>"; };
		73C415AE28C7781400AFADFF /* NewRecipeView.swift */ = {isa = PBXFileReference; lastKnownFileType = sourcecode.swift; path = NewRecipeView.swift; sourceTree = "<group>"; };
		73C415B028C7782200AFADFF /* FavoritesView.swift */ = {isa = PBXFileReference; lastKnownFileType = sourcecode.swift; path = FavoritesView.swift; sourceTree = "<group>"; };
		73C415B228C7783800AFADFF /* SettingsView.swift */ = {isa = PBXFileReference; lastKnownFileType = sourcecode.swift; path = SettingsView.swift; sourceTree = "<group>"; };
		73C415B428C77A3000AFADFF /* TabBar.swift */ = {isa = PBXFileReference; lastKnownFileType = sourcecode.swift; path = TabBar.swift; sourceTree = "<group>"; };
		73C415B628C77D6A00AFADFF /* RecipeModel.swift */ = {isa = PBXFileReference; lastKnownFileType = sourcecode.swift; path = RecipeModel.swift; sourceTree = "<group>"; };
		73C415B828C8BC8A00AFADFF /* RecipeCard.swift */ = {isa = PBXFileReference; lastKnownFileType = sourcecode.swift; path = RecipeCard.swift; sourceTree = "<group>"; };
		73C415BA28C8F48A00AFADFF /* RecipeList.swift */ = {isa = PBXFileReference; lastKnownFileType = sourcecode.swift; path = RecipeList.swift; sourceTree = "<group>"; };
		73C415BC28CA30F700AFADFF /* RecipeView.swift */ = {isa = PBXFileReference; lastKnownFileType = sourcecode.swift; path = RecipeView.swift; sourceTree = "<group>"; };
		73F8D8E328C62FEB00882DE1 /* RecipeSaver.app */ = {isa = PBXFileReference; explicitFileType = wrapper.application; includeInIndex = 0; path = RecipeSaver.app; sourceTree = BUILT_PRODUCTS_DIR; };
		73F8D8E628C62FEB00882DE1 /* RecipeSaverApp.swift */ = {isa = PBXFileReference; lastKnownFileType = sourcecode.swift; path = RecipeSaverApp.swift; sourceTree = "<group>"; };
		73F8D8E828C62FEB00882DE1 /* ContentView.swift */ = {isa = PBXFileReference; lastKnownFileType = sourcecode.swift; path = ContentView.swift; sourceTree = "<group>"; };
		73F8D8EA28C62FEF00882DE1 /* Assets.xcassets */ = {isa = PBXFileReference; lastKnownFileType = folder.assetcatalog; path = Assets.xcassets; sourceTree = "<group>"; };
		73F8D8ED28C62FEF00882DE1 /* Preview Assets.xcassets */ = {isa = PBXFileReference; lastKnownFileType = folder.assetcatalog; path = "Preview Assets.xcassets"; sourceTree = "<group>"; };
/* End PBXFileReference section */

/* Begin PBXFrameworksBuildPhase section */
		73F8D8E028C62FEB00882DE1 /* Frameworks */ = {
			isa = PBXFrameworksBuildPhase;
			buildActionMask = 2147483647;
			files = (
			);
			runOnlyForDeploymentPostprocessing = 0;
		};
/* End PBXFrameworksBuildPhase section */

/* Begin PBXGroup section */
		73F8D8DA28C62FEA00882DE1 = {
			isa = PBXGroup;
			children = (
				73F8D8E528C62FEB00882DE1 /* RecipeSaver */,
				73F8D8E428C62FEB00882DE1 /* Products */,
			);
			sourceTree = "<group>";
		};
		73F8D8E428C62FEB00882DE1 /* Products */ = {
			isa = PBXGroup;
			children = (
				73F8D8E328C62FEB00882DE1 /* RecipeSaver.app */,
			);
			name = Products;
			sourceTree = "<group>";
		};
		73F8D8E528C62FEB00882DE1 /* RecipeSaver */ = {
			isa = PBXGroup;
			children = (
				73F8D8F928C6307C00882DE1 /* Models */,
				73F8D8F828C6307400882DE1 /* ViewModels */,
				73F8D8F428C6304100882DE1 /* Views */,
				73F8D8E628C62FEB00882DE1 /* RecipeSaverApp.swift */,
				73F8D8EA28C62FEF00882DE1 /* Assets.xcassets */,
				73F8D8EC28C62FEF00882DE1 /* Preview Content */,
			);
			path = RecipeSaver;
			sourceTree = "<group>";
		};
		73F8D8EC28C62FEF00882DE1 /* Preview Content */ = {
			isa = PBXGroup;
			children = (
				73F8D8ED28C62FEF00882DE1 /* Preview Assets.xcassets */,
			);
			path = "Preview Content";
			sourceTree = "<group>";
		};
		73F8D8F428C6304100882DE1 /* Views */ = {
			isa = PBXGroup;
			children = (
				73F8D8F728C6306500882DE1 /* Components */,
				73F8D8F628C6305C00882DE1 /* Detail */,
				73F8D8F528C6305100882DE1 /* Main */,
			);
			path = Views;
			sourceTree = "<group>";
		};
		73F8D8F528C6305100882DE1 /* Main */ = {
			isa = PBXGroup;
			children = (
				73F8D8E828C62FEB00882DE1 /* ContentView.swift */,
				73C415B428C77A3000AFADFF /* TabBar.swift */,
				73C415A828C777A700AFADFF /* HomeView.swift */,
				73C415AA28C777BD00AFADFF /* CategoriesView.swift */,
				73C415AE28C7781400AFADFF /* NewRecipeView.swift */,
				73C415B028C7782200AFADFF /* FavoritesView.swift */,
				73C415B228C7783800AFADFF /* SettingsView.swift */,
			);
			path = Main;
			sourceTree = "<group>";
		};
		73F8D8F628C6305C00882DE1 /* Detail */ = {
			isa = PBXGroup;
			children = (
				73C415BC28CA30F700AFADFF /* RecipeView.swift */,
			);
			path = Detail;
			sourceTree = "<group>";
		};
		73F8D8F728C6306500882DE1 /* Components */ = {
			isa = PBXGroup;
			children = (
				73C415B828C8BC8A00AFADFF /* RecipeCard.swift */,
				73C415BA28C8F48A00AFADFF /* RecipeList.swift */,
			);
			path = Components;
			sourceTree = "<group>";
		};
		73F8D8F828C6307400882DE1 /* ViewModels */ = {
			isa = PBXGroup;
			children = (
			);
			path = ViewModels;
			sourceTree = "<group>";
		};
		73F8D8F928C6307C00882DE1 /* Models */ = {
			isa = PBXGroup;
			children = (
				73C415B628C77D6A00AFADFF /* RecipeModel.swift */,
			);
			path = Models;
			sourceTree = "<group>";
		};
/* End PBXGroup section */

/* Begin PBXNativeTarget section */
		73F8D8E228C62FEB00882DE1 /* RecipeSaver */ = {
			isa = PBXNativeTarget;
			buildConfigurationList = 73F8D8F128C62FEF00882DE1 /* Build configuration list for PBXNativeTarget "RecipeSaver" */;
			buildPhases = (
				73F8D8DF28C62FEB00882DE1 /* Sources */,
				73F8D8E028C62FEB00882DE1 /* Frameworks */,
				73F8D8E128C62FEB00882DE1 /* Resources */,
			);
			buildRules = (
			);
			dependencies = (
			);
			name = RecipeSaver;
			productName = RecipeSaver;
			productReference = 73F8D8E328C62FEB00882DE1 /* RecipeSaver.app */;
			productType = "com.apple.product-type.application";
		};
/* End PBXNativeTarget section */

/* Begin PBXProject section */
		73F8D8DB28C62FEA00882DE1 /* Project object */ = {
			isa = PBXProject;
			attributes = {
				BuildIndependentTargetsInParallel = 1;
				LastSwiftUpdateCheck = 1340;
				LastUpgradeCheck = 1340;
				TargetAttributes = {
					73F8D8E228C62FEB00882DE1 = {
						CreatedOnToolsVersion = 13.4.1;
					};
				};
			};
			buildConfigurationList = 73F8D8DE28C62FEA00882DE1 /* Build configuration list for PBXProject "RecipeSaver" */;
			compatibilityVersion = "Xcode 13.0";
			developmentRegion = en;
			hasScannedForEncodings = 0;
			knownRegions = (
				en,
				Base,
			);
			mainGroup = 73F8D8DA28C62FEA00882DE1;
			productRefGroup = 73F8D8E428C62FEB00882DE1 /* Products */;
			projectDirPath = "";
			projectRoot = "";
			targets = (
				73F8D8E228C62FEB00882DE1 /* RecipeSaver */,
			);
		};
/* End PBXProject section */

/* Begin PBXResourcesBuildPhase section */
		73F8D8E128C62FEB00882DE1 /* Resources */ = {
			isa = PBXResourcesBuildPhase;
			buildActionMask = 2147483647;
			files = (
				73F8D8EE28C62FEF00882DE1 /* Preview Assets.xcassets in Resources */,
				73F8D8EB28C62FEF00882DE1 /* Assets.xcassets in Resources */,
			);
			runOnlyForDeploymentPostprocessing = 0;
		};
/* End PBXResourcesBuildPhase section */

/* Begin PBXSourcesBuildPhase section */
		73F8D8DF28C62FEB00882DE1 /* Sources */ = {
			isa = PBXSourcesBuildPhase;
			buildActionMask = 2147483647;
			files = (
				73C415B328C7783800AFADFF /* SettingsView.swift in Sources */,
				73C415B928C8BC8A00AFADFF /* RecipeCard.swift in Sources */,
				73C415AB28C777BD00AFADFF /* CategoriesView.swift in Sources */,
				73C415AF28C7781400AFADFF /* NewRecipeView.swift in Sources */,
				73C415B528C77A3000AFADFF /* TabBar.swift in Sources */,
				73C415B128C7782200AFADFF /* FavoritesView.swift in Sources */,
				73C415BD28CA30F700AFADFF /* RecipeView.swift in Sources */,
				73C415BB28C8F48A00AFADFF /* RecipeList.swift in Sources */,
				73C415A928C777A700AFADFF /* HomeView.swift in Sources */,
				73F8D8E928C62FEB00882DE1 /* ContentView.swift in Sources */,
				73F8D8E728C62FEB00882DE1 /* RecipeSaverApp.swift in Sources */,
				73C415B728C77D6A00AFADFF /* RecipeModel.swift in Sources */,
			);
			runOnlyForDeploymentPostprocessing = 0;
		};
/* End PBXSourcesBuildPhase section */

/* Begin XCBuildConfiguration section */
		73F8D8EF28C62FEF00882DE1 /* Debug */ = {
			isa = XCBuildConfiguration;
			buildSettings = {
				ALWAYS_SEARCH_USER_PATHS = NO;
				CLANG_ANALYZER_NONNULL = YES;
				CLANG_ANALYZER_NUMBER_OBJECT_CONVERSION = YES_AGGRESSIVE;
				CLANG_CXX_LANGUAGE_STANDARD = "gnu++17";
				CLANG_ENABLE_MODULES = YES;
				CLANG_ENABLE_OBJC_ARC = YES;
				CLANG_ENABLE_OBJC_WEAK = YES;
				CLANG_WARN_BLOCK_CAPTURE_AUTORELEASING = YES;
				CLANG_WARN_BOOL_CONVERSION = YES;
				CLANG_WARN_COMMA = YES;
				CLANG_WARN_CONSTANT_CONVERSION = YES;
				CLANG_WARN_DEPRECATED_OBJC_IMPLEMENTATIONS = YES;
				CLANG_WARN_DIRECT_OBJC_ISA_USAGE = YES_ERROR;
				CLANG_WARN_DOCUMENTATION_COMMENTS = YES;
				CLANG_WARN_EMPTY_BODY = YES;
				CLANG_WARN_ENUM_CONVERSION = YES;
				CLANG_WARN_INFINITE_RECURSION = YES;
				CLANG_WARN_INT_CONVERSION = YES;
				CLANG_WARN_NON_LITERAL_NULL_CONVERSION = YES;
				CLANG_WARN_OBJC_IMPLICIT_RETAIN_SELF = YES;
				CLANG_WARN_OBJC_LITERAL_CONVERSION = YES;
				CLANG_WARN_OBJC_ROOT_CLASS = YES_ERROR;
				CLANG_WARN_QUOTED_INCLUDE_IN_FRAMEWORK_HEADER = YES;
				CLANG_WARN_RANGE_LOOP_ANALYSIS = YES;
				CLANG_WARN_STRICT_PROTOTYPES = YES;
				CLANG_WARN_SUSPICIOUS_MOVE = YES;
				CLANG_WARN_UNGUARDED_AVAILABILITY = YES_AGGRESSIVE;
				CLANG_WARN_UNREACHABLE_CODE = YES;
				CLANG_WARN__DUPLICATE_METHOD_MATCH = YES;
				COPY_PHASE_STRIP = NO;
				DEBUG_INFORMATION_FORMAT = dwarf;
				ENABLE_STRICT_OBJC_MSGSEND = YES;
				ENABLE_TESTABILITY = YES;
				GCC_C_LANGUAGE_STANDARD = gnu11;
				GCC_DYNAMIC_NO_PIC = NO;
				GCC_NO_COMMON_BLOCKS = YES;
				GCC_OPTIMIZATION_LEVEL = 0;
				GCC_PREPROCESSOR_DEFINITIONS = (
					"DEBUG=1",
					"$(inherited)",
				);
				GCC_WARN_64_TO_32_BIT_CONVERSION = YES;
				GCC_WARN_ABOUT_RETURN_TYPE = YES_ERROR;
				GCC_WARN_UNDECLARED_SELECTOR = YES;
				GCC_WARN_UNINITIALIZED_AUTOS = YES_AGGRESSIVE;
				GCC_WARN_UNUSED_FUNCTION = YES;
				GCC_WARN_UNUSED_VARIABLE = YES;
				IPHONEOS_DEPLOYMENT_TARGET = 15.5;
				MTL_ENABLE_DEBUG_INFO = INCLUDE_SOURCE;
				MTL_FAST_MATH = YES;
				ONLY_ACTIVE_ARCH = YES;
				SDKROOT = iphoneos;
				SWIFT_ACTIVE_COMPILATION_CONDITIONS = DEBUG;
				SWIFT_OPTIMIZATION_LEVEL = "-Onone";
			};
			name = Debug;
		};
		73F8D8F028C62FEF00882DE1 /* Release */ = {
			isa = XCBuildConfiguration;
			buildSettings = {
				ALWAYS_SEARCH_USER_PATHS = NO;
				CLANG_ANALYZER_NONNULL = YES;
				CLANG_ANALYZER_NUMBER_OBJECT_CONVERSION = YES_AGGRESSIVE;
				CLANG_CXX_LANGUAGE_STANDARD = "gnu++17";
				CLANG_ENABLE_MODULES = YES;
				CLANG_ENABLE_OBJC_ARC = YES;
				CLANG_ENABLE_OBJC_WEAK = YES;
				CLANG_WARN_BLOCK_CAPTURE_AUTORELEASING = YES;
				CLANG_WARN_BOOL_CONVERSION = YES;
				CLANG_WARN_COMMA = YES;
				CLANG_WARN_CONSTANT_CONVERSION = YES;
				CLANG_WARN_DEPRECATED_OBJC_IMPLEMENTATIONS = YES;
				CLANG_WARN_DIRECT_OBJC_ISA_USAGE = YES_ERROR;
				CLANG_WARN_DOCUMENTATION_COMMENTS = YES;
				CLANG_WARN_EMPTY_BODY = YES;
				CLANG_WARN_ENUM_CONVERSION = YES;
				CLANG_WARN_INFINITE_RECURSION = YES;
				CLANG_WARN_INT_CONVERSION = YES;
				CLANG_WARN_NON_LITERAL_NULL_CONVERSION = YES;
				CLANG_WARN_OBJC_IMPLICIT_RETAIN_SELF = YES;
				CLANG_WARN_OBJC_LITERAL_CONVERSION = YES;
				CLANG_WARN_OBJC_ROOT_CLASS = YES_ERROR;
				CLANG_WARN_QUOTED_INCLUDE_IN_FRAMEWORK_HEADER = YES;
				CLANG_WARN_RANGE_LOOP_ANALYSIS = YES;
				CLANG_WARN_STRICT_PROTOTYPES = YES;
				CLANG_WARN_SUSPICIOUS_MOVE = YES;
				CLANG_WARN_UNGUARDED_AVAILABILITY = YES_AGGRESSIVE;
				CLANG_WARN_UNREACHABLE_CODE = YES;
				CLANG_WARN__DUPLICATE_METHOD_MATCH = YES;
				COPY_PHASE_STRIP = NO;
				DEBUG_INFORMATION_FORMAT = "dwarf-with-dsym";
				ENABLE_NS_ASSERTIONS = NO;
				ENABLE_STRICT_OBJC_MSGSEND = YES;
				GCC_C_LANGUAGE_STANDARD = gnu11;
				GCC_NO_COMMON_BLOCKS = YES;
				GCC_WARN_64_TO_32_BIT_CONVERSION = YES;
				GCC_WARN_ABOUT_RETURN_TYPE = YES_ERROR;
				GCC_WARN_UNDECLARED_SELECTOR = YES;
				GCC_WARN_UNINITIALIZED_AUTOS = YES_AGGRESSIVE;
				GCC_WARN_UNUSED_FUNCTION = YES;
				GCC_WARN_UNUSED_VARIABLE = YES;
				IPHONEOS_DEPLOYMENT_TARGET = 15.5;
				MTL_ENABLE_DEBUG_INFO = NO;
				MTL_FAST_MATH = YES;
				SDKROOT = iphoneos;
				SWIFT_COMPILATION_MODE = wholemodule;
				SWIFT_OPTIMIZATION_LEVEL = "-O";
				VALIDATE_PRODUCT = YES;
			};
			name = Release;
		};
		73F8D8F228C62FEF00882DE1 /* Debug */ = {
			isa = XCBuildConfiguration;
			buildSettings = {
				ASSETCATALOG_COMPILER_APPICON_NAME = AppIcon;
				ASSETCATALOG_COMPILER_GLOBAL_ACCENT_COLOR_NAME = AccentColor;
				CODE_SIGN_STYLE = Automatic;
				CURRENT_PROJECT_VERSION = 1;
				DEVELOPMENT_ASSET_PATHS = "\"RecipeSaver/Preview Content\"";
				DEVELOPMENT_TEAM = 96N8YUAB3R;
				ENABLE_PREVIEWS = YES;
				GENERATE_INFOPLIST_FILE = YES;
				INFOPLIST_KEY_UIApplicationSceneManifest_Generation = YES;
				INFOPLIST_KEY_UIApplicationSupportsIndirectInputEvents = YES;
				INFOPLIST_KEY_UILaunchScreen_Generation = YES;
				INFOPLIST_KEY_UISupportedInterfaceOrientations_iPad = "UIInterfaceOrientationPortrait UIInterfaceOrientationPortraitUpsideDown UIInterfaceOrientationLandscapeLeft UIInterfaceOrientationLandscapeRight";
				INFOPLIST_KEY_UISupportedInterfaceOrientations_iPhone = "UIInterfaceOrientationPortrait UIInterfaceOrientationLandscapeLeft UIInterfaceOrientationLandscapeRight";
				LD_RUNPATH_SEARCH_PATHS = (
					"$(inherited)",
					"@executable_path/Frameworks",
				);
				MARKETING_VERSION = 1.0;
				PRODUCT_BUNDLE_IDENTIFIER = otouto.RecipeSaver;
				PRODUCT_NAME = "$(TARGET_NAME)";
				SWIFT_EMIT_LOC_STRINGS = YES;
				SWIFT_VERSION = 5.0;
				TARGETED_DEVICE_FAMILY = "1,2";
			};
			name = Debug;
		};
		73F8D8F328C62FEF00882DE1 /* Release */ = {
			isa = XCBuildConfiguration;
			buildSettings = {
				ASSETCATALOG_COMPILER_APPICON_NAME = AppIcon;
				ASSETCATALOG_COMPILER_GLOBAL_ACCENT_COLOR_NAME = AccentColor;
				CODE_SIGN_STYLE = Automatic;
				CURRENT_PROJECT_VERSION = 1;
				DEVELOPMENT_ASSET_PATHS = "\"RecipeSaver/Preview Content\"";
				DEVELOPMENT_TEAM = 96N8YUAB3R;
				ENABLE_PREVIEWS = YES;
				GENERATE_INFOPLIST_FILE = YES;
				INFOPLIST_KEY_UIApplicationSceneManifest_Generation = YES;
				INFOPLIST_KEY_UIApplicationSupportsIndirectInputEvents = YES;
				INFOPLIST_KEY_UILaunchScreen_Generation = YES;
				INFOPLIST_KEY_UISupportedInterfaceOrientations_iPad = "UIInterfaceOrientationPortrait UIInterfaceOrientationPortraitUpsideDown UIInterfaceOrientationLandscapeLeft UIInterfaceOrientationLandscapeRight";
				INFOPLIST_KEY_UISupportedInterfaceOrientations_iPhone = "UIInterfaceOrientationPortrait UIInterfaceOrientationLandscapeLeft UIInterfaceOrientationLandscapeRight";
				LD_RUNPATH_SEARCH_PATHS = (
					"$(inherited)",
					"@executable_path/Frameworks",
				);
				MARKETING_VERSION = 1.0;
				PRODUCT_BUNDLE_IDENTIFIER = otouto.RecipeSaver;
				PRODUCT_NAME = "$(TARGET_NAME)";
				SWIFT_EMIT_LOC_STRINGS = YES;
				SWIFT_VERSION = 5.0;
				TARGETED_DEVICE_FAMILY = "1,2";
			};
			name = Release;
		};
/* End XCBuildConfiguration section */

/* Begin XCConfigurationList section */
		73F8D8DE28C62FEA00882DE1 /* Build configuration list for PBXProject "RecipeSaver" */ = {
			isa = XCConfigurationList;
			buildConfigurations = (
				73F8D8EF28C62FEF00882DE1 /* Debug */,
				73F8D8F028C62FEF00882DE1 /* Release */,
			);
			defaultConfigurationIsVisible = 0;
			defaultConfigurationName = Release;
		};
		73F8D8F128C62FEF00882DE1 /* Build configuration list for PBXNativeTarget "RecipeSaver" */ = {
			isa = XCConfigurationList;
			buildConfigurations = (
				73F8D8F228C62FEF00882DE1 /* Debug */,
				73F8D8F328C62FEF00882DE1 /* Release */,
			);
			defaultConfigurationIsVisible = 0;
			defaultConfigurationName = Release;
		};
/* End XCConfigurationList section */
	};
	rootObject = 73F8D8DB28C62FEA00882DE1 /* Project object */;
}
